
Microsoft Visual Studio Solution File, Format Version 12.00
# Visual Studio 15
VisualStudioVersion = 15.0.28307.1022
MinimumVisualStudioVersion = 10.0.40219.1
Project("{8BC9CEB8-8B4A-11D0-8D11-00A0C91BC942}") = "CheckForTS", "CheckForTS\CheckForTS.vcxproj", "{34FE6CAA-A9B1-4542-98E5-F000A593ECD3}"
EndProject
Project("{8BC9CEB8-8B4A-11D0-8D11-00A0C91BC942}") = "Injector", "Injector\Injector.vcxproj", "{446E7BDE-5679-45E7-B436-595BC5CC3DED}"
	ProjectSection(ProjectDependencies) = postProject
		{540DA685-7E74-4C3A-8404-8C2C6957DE04} = {540DA685-7E74-4C3A-8404-8C2C6957DE04}
		{34FE6CAA-A9B1-4542-98E5-F000A593ECD3} = {34FE6CAA-A9B1-4542-98E5-F000A593ECD3}
	EndProjectSection
EndProject
Project("{8BC9CEB8-8B4A-11D0-8D11-00A0C91BC942}") = "HideTS", "HideTS\HideTS.vcxproj", "{540DA685-7E74-4C3A-8404-8C2C6957DE04}"
EndProject
Global
	GlobalSection(SolutionConfigurationPlatforms) = preSolution
		Debug|x64 = Debug|x64
		Debug|x86 = Debug|x86
		Release|x64 = Release|x64
		Release|x86 = Release|x86
	EndGlobalSection
	GlobalSection(ProjectConfigurationPlatforms) = postSolution
		{34FE6CAA-A9B1-4542-98E5-F000A593ECD3}.Debug|x64.ActiveCfg = Debug|x64
		{34FE6CAA-A9B1-4542-98E5-F000A593ECD3}.Debug|x64.Build.0 = Debug|x64
		{34FE6CAA-A9B1-4542-98E5-F000A593ECD3}.Debug|x86.ActiveCfg = Debug|Win32
		{34FE6CAA-A9B1-4542-98E5-F000A593ECD3}.Debug|x86.Build.0 = Debug|Win32
		{34FE6CAA-A9B1-4542-98E5-F000A593ECD3}.Release|x64.ActiveCfg = Release|x64
		{34FE6CAA-A9B1-4542-98E5-F000A593ECD3}.Release|x64.Build.0 = Release|x64
		{34FE6CAA-A9B1-4542-98E5-F000A593ECD3}.Release|x86.ActiveCfg = Release|Win32
		{34FE6CAA-A9B1-4542-98E5-F000A593ECD3}.Release|x86.Build.0 = Release|Win32
		{446E7BDE-5679-45E7-B436-595BC5CC3DED}.Debug|x64.ActiveCfg = Debug|x64
		{446E7BDE-5679-45E7-B436-595BC5CC3DED}.Debug|x64.Build.0 = Debug|x64
		{446E7BDE-5679-45E7-B436-595BC5CC3DED}.Debug|x86.ActiveCfg = Debug|Win32
		{446E7BDE-5679-45E7-B436-595BC5CC3DED}.Debug|x86.Build.0 = Debug|Win32
		{446E7BDE-5679-45E7-B436-595BC5CC3DED}.Release|x64.ActiveCfg = Release|x64
		{446E7BDE-5679-45E7-B436-595BC5CC3DED}.Release|x64.Build.0 = Release|x64
		{446E7BDE-5679-45E7-B436-595BC5CC3DED}.Release|x86.ActiveCfg = Release|Win32
		{446E7BDE-5679-45E7-B436-595BC5CC3DED}.Release|x86.Build.0 = Release|Win32
		{540DA685-7E74-4C3A-8404-8C2C6957DE04}.Debug|x64.ActiveCfg = Debug|x64
		{540DA685-7E74-4C3A-8404-8C2C6957DE04}.Debug|x64.Build.0 = Debug|x64
		{540DA685-7E74-4C3A-8404-8C2C6957DE04}.Debug|x86.ActiveCfg = Debug|Win32
		{540DA685-7E74-4C3A-8404-8C2C6957DE04}.Debug|x86.Build.0 = Debug|Win32
		{540DA685-7E74-4C3A-8404-8C2C6957DE04}.Release|x64.ActiveCfg = Release|x64
		{540DA685-7E74-4C3A-8404-8C2C6957DE04}.Release|x64.Build.0 = Release|x64
		{540DA685-7E74-4C3A-8404-8C2C6957DE04}.Release|x86.ActiveCfg = Release|Win32
		{540DA685-7E74-4C3A-8404-8C2C6957DE04}.Release|x86.Build.0 = Release|Win32
	EndGlobalSection
	GlobalSection(SolutionProperties) = preSolution
		HideSolutionNode = FALSE
	EndGlobalSection
	GlobalSection(ExtensibilityGlobals) = postSolution
		SolutionGuid = {A0D8DE4B-A618-4A2E-8F93-A6ADBAAD9297}
	EndGlobalSection
EndGlobal
